
Microsoft Visual Studio Solution File, Format Version 12.00
# Visual Studio Version 17
VisualStudioVersion = 17.0.31903.59
MinimumVisualStudioVersion = 10.0.40219.1
Project("{2150E333-8FDC-42A3-9474-1A3956D46DE8}") = "src", "src", "{4AE6597F-F639-466B-A4AA-939E297AEC8F}"
EndProject
Project("{FAE04EC0-301F-11D3-BF4B-00C04F79EFBC}") = "MarketingAlliance.Api", "src\MarketingAlliance.Api\MarketingAlliance.Api.csproj", "{690F0AAB-35DC-4809-869E-94753AF41383}"
EndProject
Project("{FAE04EC0-301F-11D3-BF4B-00C04F79EFBC}") = "MarketingAlliance.App", "src\MarketingAlliance.App\MarketingAlliance.App.csproj", "{169CC460-4775-4ED4-8153-20D588C7F71A}"
EndProject
Project("{FAE04EC0-301F-11D3-BF4B-00C04F79EFBC}") = "MarketingAlliance.Infrastructure", "src\MarketingAlliance.Infrastructure\MarketingAlliance.Infrastructure.csproj", "{3F228C0A-9053-4E4A-913A-03249978907C}"
EndProject
Project("{FAE04EC0-301F-11D3-BF4B-00C04F79EFBC}") = "MarketingAlliance.Core", "src\MarketingAlliance.Core\MarketingAlliance.Core.csproj", "{0FD3DF4E-AFC7-4CB9-B9C4-FED7D306421F}"
EndProject
Global
	GlobalSection(SolutionConfigurationPlatforms) = preSolution
		Debug|Any CPU = Debug|Any CPU
		Release|Any CPU = Release|Any CPU
	EndGlobalSection
	GlobalSection(SolutionProperties) = preSolution
		HideSolutionNode = FALSE
	EndGlobalSection
	GlobalSection(ProjectConfigurationPlatforms) = postSolution
		{690F0AAB-35DC-4809-869E-94753AF41383}.Debug|Any CPU.ActiveCfg = Debug|Any CPU
		{690F0AAB-35DC-4809-869E-94753AF41383}.Debug|Any CPU.Build.0 = Debug|Any CPU
		{690F0AAB-35DC-4809-869E-94753AF41383}.Release|Any CPU.ActiveCfg = Release|Any CPU
		{690F0AAB-35DC-4809-869E-94753AF41383}.Release|Any CPU.Build.0 = Release|Any CPU
		{169CC460-4775-4ED4-8153-20D588C7F71A}.Debug|Any CPU.ActiveCfg = Debug|Any CPU
		{169CC460-4775-4ED4-8153-20D588C7F71A}.Debug|Any CPU.Build.0 = Debug|Any CPU
		{169CC460-4775-4ED4-8153-20D588C7F71A}.Release|Any CPU.ActiveCfg = Release|Any CPU
		{169CC460-4775-4ED4-8153-20D588C7F71A}.Release|Any CPU.Build.0 = Release|Any CPU
		{3F228C0A-9053-4E4A-913A-03249978907C}.Debug|Any CPU.ActiveCfg = Debug|Any CPU
		{3F228C0A-9053-4E4A-913A-03249978907C}.Debug|Any CPU.Build.0 = Debug|Any CPU
		{3F228C0A-9053-4E4A-913A-03249978907C}.Release|Any CPU.ActiveCfg = Release|Any CPU
		{3F228C0A-9053-4E4A-913A-03249978907C}.Release|Any CPU.Build.0 = Release|Any CPU
		{0FD3DF4E-AFC7-4CB9-B9C4-FED7D306421F}.Debug|Any CPU.ActiveCfg = Debug|Any CPU
		{0FD3DF4E-AFC7-4CB9-B9C4-FED7D306421F}.Debug|Any CPU.Build.0 = Debug|Any CPU
		{0FD3DF4E-AFC7-4CB9-B9C4-FED7D306421F}.Release|Any CPU.ActiveCfg = Release|Any CPU
		{0FD3DF4E-AFC7-4CB9-B9C4-FED7D306421F}.Release|Any CPU.Build.0 = Release|Any CPU
	EndGlobalSection
	GlobalSection(NestedProjects) = preSolution
		{690F0AAB-35DC-4809-869E-94753AF41383} = {4AE6597F-F639-466B-A4AA-939E297AEC8F}
		{169CC460-4775-4ED4-8153-20D588C7F71A} = {4AE6597F-F639-466B-A4AA-939E297AEC8F}
		{3F228C0A-9053-4E4A-913A-03249978907C} = {4AE6597F-F639-466B-A4AA-939E297AEC8F}
		{0FD3DF4E-AFC7-4CB9-B9C4-FED7D306421F} = {4AE6597F-F639-466B-A4AA-939E297AEC8F}
	EndGlobalSection
EndGlobal
